<?xml version="1.0" encoding="utf-8"?>
<Project ToolsVersion="4.0" xmlns="http://schemas.microsoft.com/developer/msbuild/2003">
  <ItemGroup>
    <Filter Include="Property Sheets">
      <UniqueIdentifier>{b1589f0d-4668-4db1-b571-0316eefc6d87}</UniqueIdentifier>
    </Filter>
  </ItemGroup>
  <ItemGroup>
    <None Include="..\recipe.application.props">
      <Filter>Property Sheets</Filter>
    </None>
    <None Include="..\recipe.common.props">
      <Filter>Property Sheets</Filter>
    </None>
    <None Include="..\recipe.library.props">
      <Filter>Property Sheets</Filter>
    </None>
    <None Include="..\recipe.root.paths.props">
      <Filter>Property Sheets</Filter>
    </None>
    <None Include="..\recipe.root.props">
      <Filter>Property Sheets</Filter>
    </None>
  </ItemGroup>
</Project>